
Microsoft Visual Studio Solution File, Format Version 12.00
# Visual Studio Version 17
VisualStudioVersion = 17.3.32922.545
MinimumVisualStudioVersion = 10.0.40219.1
Project("{9A19103F-16F7-4668-BE54-9A1E7A4F7556}") = "Cekikila", "Cekikila\Cekikila.csproj", "{F86DBEFB-261A-48F1-B6B7-0682EB7ED852}"
EndProject
Project("{9A19103F-16F7-4668-BE54-9A1E7A4F7556}") = "CekikilaBack", "CekikilaBack\CekikilaBack.csproj", "{C3C96DBE-DF2F-44F2-BEF6-BA20A2CF7067}"
EndProject
Project("{FAE04EC0-301F-11D3-BF4B-00C04F79EFBC}") = "CekikilaShared", "CekikilaShared\CekikilaShared.csproj", "{9753AE02-6E48-4B98-892A-0DCAD40BE877}"
EndProject
Global
	GlobalSection(SolutionConfigurationPlatforms) = preSolution
		Debug|Any CPU = Debug|Any CPU
		Release|Any CPU = Release|Any CPU
	EndGlobalSection
	GlobalSection(ProjectConfigurationPlatforms) = postSolution
		{F86DBEFB-261A-48F1-B6B7-0682EB7ED852}.Debug|Any CPU.ActiveCfg = Debug|Any CPU
		{F86DBEFB-261A-48F1-B6B7-0682EB7ED852}.Debug|Any CPU.Build.0 = Debug|Any CPU
		{F86DBEFB-261A-48F1-B6B7-0682EB7ED852}.Release|Any CPU.ActiveCfg = Release|Any CPU
		{F86DBEFB-261A-48F1-B6B7-0682EB7ED852}.Release|Any CPU.Build.0 = Release|Any CPU
		{C3C96DBE-DF2F-44F2-BEF6-BA20A2CF7067}.Debug|Any CPU.ActiveCfg = Debug|Any CPU
		{C3C96DBE-DF2F-44F2-BEF6-BA20A2CF7067}.Debug|Any CPU.Build.0 = Debug|Any CPU
		{C3C96DBE-DF2F-44F2-BEF6-BA20A2CF7067}.Release|Any CPU.ActiveCfg = Release|Any CPU
		{C3C96DBE-DF2F-44F2-BEF6-BA20A2CF7067}.Release|Any CPU.Build.0 = Release|Any CPU
		{9753AE02-6E48-4B98-892A-0DCAD40BE877}.Debug|Any CPU.ActiveCfg = Debug|Any CPU
		{9753AE02-6E48-4B98-892A-0DCAD40BE877}.Debug|Any CPU.Build.0 = Debug|Any CPU
		{9753AE02-6E48-4B98-892A-0DCAD40BE877}.Release|Any CPU.ActiveCfg = Release|Any CPU
		{9753AE02-6E48-4B98-892A-0DCAD40BE877}.Release|Any CPU.Build.0 = Release|Any CPU
	EndGlobalSection
	GlobalSection(SolutionProperties) = preSolution
		HideSolutionNode = FALSE
	EndGlobalSection
	GlobalSection(ExtensibilityGlobals) = postSolution
		SolutionGuid = {E3372CB3-4B5E-45B9-A6D8-4D142AE72150}
	EndGlobalSection
EndGlobal
